
Microsoft Visual Studio Solution File, Format Version 12.00
# Visual Studio 15
VisualStudioVersion = 15.0.27130.2010
MinimumVisualStudioVersion = 10.0.40219.1
Project("{FAE04EC0-301F-11D3-BF4B-00C04F79EFBC}") = "XfLiteDbApp.Android", "XfLiteDbApp\XfLiteDbApp.Android\XfLiteDbApp.Android.csproj", "{8738D26A-9AA2-4757-8226-0D2BBD679977}"
EndProject
Project("{FAE04EC0-301F-11D3-BF4B-00C04F79EFBC}") = "XfLiteDbApp.iOS", "XfLiteDbApp\XfLiteDbApp.iOS\XfLiteDbApp.iOS.csproj", "{DA57A3C5-927E-44A4-8EF3-4588C4464C9D}"
EndProject
Project("{FAE04EC0-301F-11D3-BF4B-00C04F79EFBC}") = "XfLiteDbApp.UWP", "XfLiteDbApp\XfLiteDbApp.UWP\XfLiteDbApp.UWP.csproj", "{09D67539-404B-47FD-AF8A-1EDB74EA4FDE}"
EndProject
Project("{FAE04EC0-301F-11D3-BF4B-00C04F79EFBC}") = "XfLiteDbApp", "XfLiteDbApp\XfLiteDbApp\XfLiteDbApp.csproj", "{97DD7E9C-A534-4F21-964F-1AC79DC0ACCC}"
EndProject
Global
	GlobalSection(SolutionConfigurationPlatforms) = preSolution
		Ad-Hoc|Any CPU = Ad-Hoc|Any CPU
		Ad-Hoc|ARM = Ad-Hoc|ARM
		Ad-Hoc|iPhone = Ad-Hoc|iPhone
		Ad-Hoc|iPhoneSimulator = Ad-Hoc|iPhoneSimulator
		Ad-Hoc|x64 = Ad-Hoc|x64
		Ad-Hoc|x86 = Ad-Hoc|x86
		AppStore|Any CPU = AppStore|Any CPU
		AppStore|ARM = AppStore|ARM
		AppStore|iPhone = AppStore|iPhone
		AppStore|iPhoneSimulator = AppStore|iPhoneSimulator
		AppStore|x64 = AppStore|x64
		AppStore|x86 = AppStore|x86
		Debug|Any CPU = Debug|Any CPU
		Debug|ARM = Debug|ARM
		Debug|iPhone = Debug|iPhone
		Debug|iPhoneSimulator = Debug|iPhoneSimulator
		Debug|x64 = Debug|x64
		Debug|x86 = Debug|x86
		Release|Any CPU = Release|Any CPU
		Release|ARM = Release|ARM
		Release|iPhone = Release|iPhone
		Release|iPhoneSimulator = Release|iPhoneSimulator
		Release|x64 = Release|x64
		Release|x86 = Release|x86
	EndGlobalSection
	GlobalSection(ProjectConfigurationPlatforms) = postSolution
		{8738D26A-9AA2-4757-8226-0D2BBD679977}.Ad-Hoc|Any CPU.ActiveCfg = Release|Any CPU
		{8738D26A-9AA2-4757-8226-0D2BBD679977}.Ad-Hoc|Any CPU.Build.0 = Release|Any CPU
		{8738D26A-9AA2-4757-8226-0D2BBD679977}.Ad-Hoc|Any CPU.Deploy.0 = Release|Any CPU
		{8738D26A-9AA2-4757-8226-0D2BBD679977}.Ad-Hoc|ARM.ActiveCfg = Release|Any CPU
		{8738D26A-9AA2-4757-8226-0D2BBD679977}.Ad-Hoc|ARM.Build.0 = Release|Any CPU
		{8738D26A-9AA2-4757-8226-0D2BBD679977}.Ad-Hoc|ARM.Deploy.0 = Release|Any CPU
		{8738D26A-9AA2-4757-8226-0D2BBD679977}.Ad-Hoc|iPhone.ActiveCfg = Release|Any CPU
		{8738D26A-9AA2-4757-8226-0D2BBD679977}.Ad-Hoc|iPhone.Build.0 = Release|Any CPU
		{8738D26A-9AA2-4757-8226-0D2BBD679977}.Ad-Hoc|iPhone.Deploy.0 = Release|Any CPU
		{8738D26A-9AA2-4757-8226-0D2BBD679977}.Ad-Hoc|iPhoneSimulator.ActiveCfg = Release|Any CPU
		{8738D26A-9AA2-4757-8226-0D2BBD679977}.Ad-Hoc|iPhoneSimulator.Build.0 = Release|Any CPU
		{8738D26A-9AA2-4757-8226-0D2BBD679977}.Ad-Hoc|iPhoneSimulator.Deploy.0 = Release|Any CPU
		{8738D26A-9AA2-4757-8226-0D2BBD679977}.Ad-Hoc|x64.ActiveCfg = Release|Any CPU
		{8738D26A-9AA2-4757-8226-0D2BBD679977}.Ad-Hoc|x64.Build.0 = Release|Any CPU
		{8738D26A-9AA2-4757-8226-0D2BBD679977}.Ad-Hoc|x64.Deploy.0 = Release|Any CPU
		{8738D26A-9AA2-4757-8226-0D2BBD679977}.Ad-Hoc|x86.ActiveCfg = Release|Any CPU
		{8738D26A-9AA2-4757-8226-0D2BBD679977}.Ad-Hoc|x86.Build.0 = Release|Any CPU
		{8738D26A-9AA2-4757-8226-0D2BBD679977}.Ad-Hoc|x86.Deploy.0 = Release|Any CPU
		{8738D26A-9AA2-4757-8226-0D2BBD679977}.AppStore|Any CPU.ActiveCfg = Release|Any CPU
		{8738D26A-9AA2-4757-8226-0D2BBD679977}.AppStore|Any CPU.Build.0 = Release|Any CPU
		{8738D26A-9AA2-4757-8226-0D2BBD679977}.AppStore|Any CPU.Deploy.0 = Release|Any CPU
		{8738D26A-9AA2-4757-8226-0D2BBD679977}.AppStore|ARM.ActiveCfg = Release|Any CPU
		{8738D26A-9AA2-4757-8226-0D2BBD679977}.AppStore|ARM.Build.0 = Release|Any CPU
		{8738D26A-9AA2-4757-8226-0D2BBD679977}.AppStore|ARM.Deploy.0 = Release|Any CPU
		{8738D26A-9AA2-4757-8226-0D2BBD679977}.AppStore|iPhone.ActiveCfg = Release|Any CPU
		{8738D26A-9AA2-4757-8226-0D2BBD679977}.AppStore|iPhone.Build.0 = Release|Any CPU
		{8738D26A-9AA2-4757-8226-0D2BBD679977}.AppStore|iPhone.Deploy.0 = Release|Any CPU
		{8738D26A-9AA2-4757-8226-0D2BBD679977}.AppStore|iPhoneSimulator.ActiveCfg = Release|Any CPU
		{8738D26A-9AA2-4757-8226-0D2BBD679977}.AppStore|iPhoneSimulator.Build.0 = Release|Any CPU
		{8738D26A-9AA2-4757-8226-0D2BBD679977}.AppStore|iPhoneSimulator.Deploy.0 = Release|Any CPU
		{8738D26A-9AA2-4757-8226-0D2BBD679977}.AppStore|x64.ActiveCfg = Release|Any CPU
		{8738D26A-9AA2-4757-8226-0D2BBD679977}.AppStore|x64.Build.0 = Release|Any CPU
		{8738D26A-9AA2-4757-8226-0D2BBD679977}.AppStore|x64.Deploy.0 = Release|Any CPU
		{8738D26A-9AA2-4757-8226-0D2BBD679977}.AppStore|x86.ActiveCfg = Release|Any CPU
		{8738D26A-9AA2-4757-8226-0D2BBD679977}.AppStore|x86.Build.0 = Release|Any CPU
		{8738D26A-9AA2-4757-8226-0D2BBD679977}.AppStore|x86.Deploy.0 = Release|Any CPU
		{8738D26A-9AA2-4757-8226-0D2BBD679977}.Debug|Any CPU.ActiveCfg = Debug|Any CPU
		{8738D26A-9AA2-4757-8226-0D2BBD679977}.Debug|Any CPU.Build.0 = Debug|Any CPU
		{8738D26A-9AA2-4757-8226-0D2BBD679977}.Debug|Any CPU.Deploy.0 = Debug|Any CPU
		{8738D26A-9AA2-4757-8226-0D2BBD679977}.Debug|ARM.ActiveCfg = Debug|Any CPU
		{8738D26A-9AA2-4757-8226-0D2BBD679977}.Debug|ARM.Build.0 = Debug|Any CPU
		{8738D26A-9AA2-4757-8226-0D2BBD679977}.Debug|ARM.Deploy.0 = Debug|Any CPU
		{8738D26A-9AA2-4757-8226-0D2BBD679977}.Debug|iPhone.ActiveCfg = Debug|Any CPU
		{8738D26A-9AA2-4757-8226-0D2BBD679977}.Debug|iPhone.Build.0 = Debug|Any CPU
		{8738D26A-9AA2-4757-8226-0D2BBD679977}.Debug|iPhone.Deploy.0 = Debug|Any CPU
		{8738D26A-9AA2-4757-8226-0D2BBD679977}.Debug|iPhoneSimulator.ActiveCfg = Debug|Any CPU
		{8738D26A-9AA2-4757-8226-0D2BBD679977}.Debug|iPhoneSimulator.Build.0 = Debug|Any CPU
		{8738D26A-9AA2-4757-8226-0D2BBD679977}.Debug|iPhoneSimulator.Deploy.0 = Debug|Any CPU
		{8738D26A-9AA2-4757-8226-0D2BBD679977}.Debug|x64.ActiveCfg = Debug|Any CPU
		{8738D26A-9AA2-4757-8226-0D2BBD679977}.Debug|x64.Build.0 = Debug|Any CPU
		{8738D26A-9AA2-4757-8226-0D2BBD679977}.Debug|x64.Deploy.0 = Debug|Any CPU
		{8738D26A-9AA2-4757-8226-0D2BBD679977}.Debug|x86.ActiveCfg = Debug|Any CPU
		{8738D26A-9AA2-4757-8226-0D2BBD679977}.Debug|x86.Build.0 = Debug|Any CPU
		{8738D26A-9AA2-4757-8226-0D2BBD679977}.Debug|x86.Deploy.0 = Debug|Any CPU
		{8738D26A-9AA2-4757-8226-0D2BBD679977}.Release|Any CPU.ActiveCfg = Release|Any CPU
		{8738D26A-9AA2-4757-8226-0D2BBD679977}.Release|Any CPU.Build.0 = Release|Any CPU
		{8738D26A-9AA2-4757-8226-0D2BBD679977}.Release|Any CPU.Deploy.0 = Release|Any CPU
		{8738D26A-9AA2-4757-8226-0D2BBD679977}.Release|ARM.ActiveCfg = Release|Any CPU
		{8738D26A-9AA2-4757-8226-0D2BBD679977}.Release|ARM.Build.0 = Release|Any CPU
		{8738D26A-9AA2-4757-8226-0D2BBD679977}.Release|ARM.Deploy.0 = Release|Any CPU
		{8738D26A-9AA2-4757-8226-0D2BBD679977}.Release|iPhone.ActiveCfg = Release|Any CPU
		{8738D26A-9AA2-4757-8226-0D2BBD679977}.Release|iPhone.Build.0 = Release|Any CPU
		{8738D26A-9AA2-4757-8226-0D2BBD679977}.Release|iPhone.Deploy.0 = Release|Any CPU
		{8738D26A-9AA2-4757-8226-0D2BBD679977}.Release|iPhoneSimulator.ActiveCfg = Release|Any CPU
		{8738D26A-9AA2-4757-8226-0D2BBD679977}.Release|iPhoneSimulator.Build.0 = Release|Any CPU
		{8738D26A-9AA2-4757-8226-0D2BBD679977}.Release|iPhoneSimulator.Deploy.0 = Release|Any CPU
		{8738D26A-9AA2-4757-8226-0D2BBD679977}.Release|x64.ActiveCfg = Release|Any CPU
		{8738D26A-9AA2-4757-8226-0D2BBD679977}.Release|x64.Build.0 = Release|Any CPU
		{8738D26A-9AA2-4757-8226-0D2BBD679977}.Release|x64.Deploy.0 = Release|Any CPU
		{8738D26A-9AA2-4757-8226-0D2BBD679977}.Release|x86.ActiveCfg = Release|Any CPU
		{8738D26A-9AA2-4757-8226-0D2BBD679977}.Release|x86.Build.0 = Release|Any CPU
		{8738D26A-9AA2-4757-8226-0D2BBD679977}.Release|x86.Deploy.0 = Release|Any CPU
		{DA57A3C5-927E-44A4-8EF3-4588C4464C9D}.Ad-Hoc|Any CPU.ActiveCfg = Ad-Hoc|iPhone
		{DA57A3C5-927E-44A4-8EF3-4588C4464C9D}.Ad-Hoc|ARM.ActiveCfg = Ad-Hoc|iPhone
		{DA57A3C5-927E-44A4-8EF3-4588C4464C9D}.Ad-Hoc|iPhone.ActiveCfg = Ad-Hoc|iPhone
		{DA57A3C5-927E-44A4-8EF3-4588C4464C9D}.Ad-Hoc|iPhone.Build.0 = Ad-Hoc|iPhone
		{DA57A3C5-927E-44A4-8EF3-4588C4464C9D}.Ad-Hoc|iPhoneSimulator.ActiveCfg = Ad-Hoc|iPhoneSimulator
		{DA57A3C5-927E-44A4-8EF3-4588C4464C9D}.Ad-Hoc|iPhoneSimulator.Build.0 = Ad-Hoc|iPhoneSimulator
		{DA57A3C5-927E-44A4-8EF3-4588C4464C9D}.Ad-Hoc|x64.ActiveCfg = Ad-Hoc|iPhone
		{DA57A3C5-927E-44A4-8EF3-4588C4464C9D}.Ad-Hoc|x86.ActiveCfg = Ad-Hoc|iPhone
		{DA57A3C5-927E-44A4-8EF3-4588C4464C9D}.AppStore|Any CPU.ActiveCfg = AppStore|iPhone
		{DA57A3C5-927E-44A4-8EF3-4588C4464C9D}.AppStore|ARM.ActiveCfg = AppStore|iPhone
		{DA57A3C5-927E-44A4-8EF3-4588C4464C9D}.AppStore|iPhone.ActiveCfg = AppStore|iPhone
		{DA57A3C5-927E-44A4-8EF3-4588C4464C9D}.AppStore|iPhone.Build.0 = AppStore|iPhone
		{DA57A3C5-927E-44A4-8EF3-4588C4464C9D}.AppStore|iPhoneSimulator.ActiveCfg = AppStore|iPhoneSimulator
		{DA57A3C5-927E-44A4-8EF3-4588C4464C9D}.AppStore|iPhoneSimulator.Build.0 = AppStore|iPhoneSimulator
		{DA57A3C5-927E-44A4-8EF3-4588C4464C9D}.AppStore|x64.ActiveCfg = AppStore|iPhone
		{DA57A3C5-927E-44A4-8EF3-4588C4464C9D}.AppStore|x86.ActiveCfg = AppStore|iPhone
		{DA57A3C5-927E-44A4-8EF3-4588C4464C9D}.Debug|Any CPU.ActiveCfg = Debug|iPhone
		{DA57A3C5-927E-44A4-8EF3-4588C4464C9D}.Debug|ARM.ActiveCfg = Debug|iPhone
		{DA57A3C5-927E-44A4-8EF3-4588C4464C9D}.Debug|iPhone.ActiveCfg = Debug|iPhone
		{DA57A3C5-927E-44A4-8EF3-4588C4464C9D}.Debug|iPhone.Build.0 = Debug|iPhone
		{DA57A3C5-927E-44A4-8EF3-4588C4464C9D}.Debug|iPhoneSimulator.ActiveCfg = Debug|iPhoneSimulator
		{DA57A3C5-927E-44A4-8EF3-4588C4464C9D}.Debug|iPhoneSimulator.Build.0 = Debug|iPhoneSimulator
		{DA57A3C5-927E-44A4-8EF3-4588C4464C9D}.Debug|x64.ActiveCfg = Debug|iPhone
		{DA57A3C5-927E-44A4-8EF3-4588C4464C9D}.Debug|x86.ActiveCfg = Debug|iPhone
		{DA57A3C5-927E-44A4-8EF3-4588C4464C9D}.Release|Any CPU.ActiveCfg = Release|iPhone
		{DA57A3C5-927E-44A4-8EF3-4588C4464C9D}.Release|ARM.ActiveCfg = Release|iPhone
		{DA57A3C5-927E-44A4-8EF3-4588C4464C9D}.Release|iPhone.ActiveCfg = Release|iPhone
		{DA57A3C5-927E-44A4-8EF3-4588C4464C9D}.Release|iPhone.Build.0 = Release|iPhone
		{DA57A3C5-927E-44A4-8EF3-4588C4464C9D}.Release|iPhoneSimulator.ActiveCfg = Release|iPhoneSimulator
		{DA57A3C5-927E-44A4-8EF3-4588C4464C9D}.Release|iPhoneSimulator.Build.0 = Release|iPhoneSimulator
		{DA57A3C5-927E-44A4-8EF3-4588C4464C9D}.Release|x64.ActiveCfg = Release|iPhone
		{DA57A3C5-927E-44A4-8EF3-4588C4464C9D}.Release|x86.ActiveCfg = Release|iPhone
		{09D67539-404B-47FD-AF8A-1EDB74EA4FDE}.Ad-Hoc|Any CPU.ActiveCfg = Release|x86
		{09D67539-404B-47FD-AF8A-1EDB74EA4FDE}.Ad-Hoc|Any CPU.Build.0 = Release|x86
		{09D67539-404B-47FD-AF8A-1EDB74EA4FDE}.Ad-Hoc|Any CPU.Deploy.0 = Release|x86
		{09D67539-404B-47FD-AF8A-1EDB74EA4FDE}.Ad-Hoc|ARM.ActiveCfg = Release|ARM
		{09D67539-404B-47FD-AF8A-1EDB74EA4FDE}.Ad-Hoc|ARM.Build.0 = Release|ARM
		{09D67539-404B-47FD-AF8A-1EDB74EA4FDE}.Ad-Hoc|ARM.Deploy.0 = Release|ARM
		{09D67539-404B-47FD-AF8A-1EDB74EA4FDE}.Ad-Hoc|iPhone.ActiveCfg = Release|x86
		{09D67539-404B-47FD-AF8A-1EDB74EA4FDE}.Ad-Hoc|iPhone.Build.0 = Release|x86
		{09D67539-404B-47FD-AF8A-1EDB74EA4FDE}.Ad-Hoc|iPhone.Deploy.0 = Release|x86
		{09D67539-404B-47FD-AF8A-1EDB74EA4FDE}.Ad-Hoc|iPhoneSimulator.ActiveCfg = Release|x86
		{09D67539-404B-47FD-AF8A-1EDB74EA4FDE}.Ad-Hoc|iPhoneSimulator.Build.0 = Release|x86
		{09D67539-404B-47FD-AF8A-1EDB74EA4FDE}.Ad-Hoc|iPhoneSimulator.Deploy.0 = Release|x86
		{09D67539-404B-47FD-AF8A-1EDB74EA4FDE}.Ad-Hoc|x64.ActiveCfg = Release|x64
		{09D67539-404B-47FD-AF8A-1EDB74EA4FDE}.Ad-Hoc|x64.Build.0 = Release|x64
		{09D67539-404B-47FD-AF8A-1EDB74EA4FDE}.Ad-Hoc|x64.Deploy.0 = Release|x64
		{09D67539-404B-47FD-AF8A-1EDB74EA4FDE}.Ad-Hoc|x86.ActiveCfg = Release|x86
		{09D67539-404B-47FD-AF8A-1EDB74EA4FDE}.Ad-Hoc|x86.Build.0 = Release|x86
		{09D67539-404B-47FD-AF8A-1EDB74EA4FDE}.Ad-Hoc|x86.Deploy.0 = Release|x86
		{09D67539-404B-47FD-AF8A-1EDB74EA4FDE}.AppStore|Any CPU.ActiveCfg = Release|x86
		{09D67539-404B-47FD-AF8A-1EDB74EA4FDE}.AppStore|Any CPU.Build.0 = Release|x86
		{09D67539-404B-47FD-AF8A-1EDB74EA4FDE}.AppStore|Any CPU.Deploy.0 = Release|x86
		{09D67539-404B-47FD-AF8A-1EDB74EA4FDE}.AppStore|ARM.ActiveCfg = Release|ARM
		{09D67539-404B-47FD-AF8A-1EDB74EA4FDE}.AppStore|ARM.Build.0 = Release|ARM
		{09D67539-404B-47FD-AF8A-1EDB74EA4FDE}.AppStore|ARM.Deploy.0 = Release|ARM
		{09D67539-404B-47FD-AF8A-1EDB74EA4FDE}.AppStore|iPhone.ActiveCfg = Release|x86
		{09D67539-404B-47FD-AF8A-1EDB74EA4FDE}.AppStore|iPhone.Build.0 = Release|x86
		{09D67539-404B-47FD-AF8A-1EDB74EA4FDE}.AppStore|iPhone.Deploy.0 = Release|x86
		{09D67539-404B-47FD-AF8A-1EDB74EA4FDE}.AppStore|iPhoneSimulator.ActiveCfg = Release|x86
		{09D67539-404B-47FD-AF8A-1EDB74EA4FDE}.AppStore|iPhoneSimulator.Build.0 = Release|x86
		{09D67539-404B-47FD-AF8A-1EDB74EA4FDE}.AppStore|iPhoneSimulator.Deploy.0 = Release|x86
		{09D67539-404B-47FD-AF8A-1EDB74EA4FDE}.AppStore|x64.ActiveCfg = Release|x64
		{09D67539-404B-47FD-AF8A-1EDB74EA4FDE}.AppStore|x64.Build.0 = Release|x64
		{09D67539-404B-47FD-AF8A-1EDB74EA4FDE}.AppStore|x64.Deploy.0 = Release|x64
		{09D67539-404B-47FD-AF8A-1EDB74EA4FDE}.AppStore|x86.ActiveCfg = Release|x86
		{09D67539-404B-47FD-AF8A-1EDB74EA4FDE}.AppStore|x86.Build.0 = Release|x86
		{09D67539-404B-47FD-AF8A-1EDB74EA4FDE}.AppStore|x86.Deploy.0 = Release|x86
		{09D67539-404B-47FD-AF8A-1EDB74EA4FDE}.Debug|Any CPU.ActiveCfg = Debug|x86
		{09D67539-404B-47FD-AF8A-1EDB74EA4FDE}.Debug|ARM.ActiveCfg = Debug|ARM
		{09D67539-404B-47FD-AF8A-1EDB74EA4FDE}.Debug|ARM.Build.0 = Debug|ARM
		{09D67539-404B-47FD-AF8A-1EDB74EA4FDE}.Debug|ARM.Deploy.0 = Debug|ARM
		{09D67539-404B-47FD-AF8A-1EDB74EA4FDE}.Debug|iPhone.ActiveCfg = Debug|x86
		{09D67539-404B-47FD-AF8A-1EDB74EA4FDE}.Debug|iPhoneSimulator.ActiveCfg = Debug|x86
		{09D67539-404B-47FD-AF8A-1EDB74EA4FDE}.Debug|x64.ActiveCfg = Debug|x64
		{09D67539-404B-47FD-AF8A-1EDB74EA4FDE}.Debug|x64.Build.0 = Debug|x64
		{09D67539-404B-47FD-AF8A-1EDB74EA4FDE}.Debug|x64.Deploy.0 = Debug|x64
		{09D67539-404B-47FD-AF8A-1EDB74EA4FDE}.Debug|x86.ActiveCfg = Debug|x86
		{09D67539-404B-47FD-AF8A-1EDB74EA4FDE}.Debug|x86.Build.0 = Debug|x86
		{09D67539-404B-47FD-AF8A-1EDB74EA4FDE}.Debug|x86.Deploy.0 = Debug|x86
		{09D67539-404B-47FD-AF8A-1EDB74EA4FDE}.Release|Any CPU.ActiveCfg = Release|x86
		{09D67539-404B-47FD-AF8A-1EDB74EA4FDE}.Release|ARM.ActiveCfg = Release|ARM
		{09D67539-404B-47FD-AF8A-1EDB74EA4FDE}.Release|ARM.Build.0 = Release|ARM
		{09D67539-404B-47FD-AF8A-1EDB74EA4FDE}.Release|ARM.Deploy.0 = Release|ARM
		{09D67539-404B-47FD-AF8A-1EDB74EA4FDE}.Release|iPhone.ActiveCfg = Release|x86
		{09D67539-404B-47FD-AF8A-1EDB74EA4FDE}.Release|iPhoneSimulator.ActiveCfg = Release|x86
		{09D67539-404B-47FD-AF8A-1EDB74EA4FDE}.Release|x64.ActiveCfg = Release|x64
		{09D67539-404B-47FD-AF8A-1EDB74EA4FDE}.Release|x64.Build.0 = Release|x64
		{09D67539-404B-47FD-AF8A-1EDB74EA4FDE}.Release|x64.Deploy.0 = Release|x64
		{09D67539-404B-47FD-AF8A-1EDB74EA4FDE}.Release|x86.ActiveCfg = Release|x86
		{09D67539-404B-47FD-AF8A-1EDB74EA4FDE}.Release|x86.Build.0 = Release|x86
		{09D67539-404B-47FD-AF8A-1EDB74EA4FDE}.Release|x86.Deploy.0 = Release|x86
		{97DD7E9C-A534-4F21-964F-1AC79DC0ACCC}.Ad-Hoc|Any CPU.ActiveCfg = Debug|Any CPU
		{97DD7E9C-A534-4F21-964F-1AC79DC0ACCC}.Ad-Hoc|Any CPU.Build.0 = Debug|Any CPU
		{97DD7E9C-A534-4F21-964F-1AC79DC0ACCC}.Ad-Hoc|ARM.ActiveCfg = Debug|Any CPU
		{97DD7E9C-A534-4F21-964F-1AC79DC0ACCC}.Ad-Hoc|ARM.Build.0 = Debug|Any CPU
		{97DD7E9C-A534-4F21-964F-1AC79DC0ACCC}.Ad-Hoc|iPhone.ActiveCfg = Debug|Any CPU
		{97DD7E9C-A534-4F21-964F-1AC79DC0ACCC}.Ad-Hoc|iPhone.Build.0 = Debug|Any CPU
		{97DD7E9C-A534-4F21-964F-1AC79DC0ACCC}.Ad-Hoc|iPhoneSimulator.ActiveCfg = Debug|Any CPU
		{97DD7E9C-A534-4F21-964F-1AC79DC0ACCC}.Ad-Hoc|iPhoneSimulator.Build.0 = Debug|Any CPU
		{97DD7E9C-A534-4F21-964F-1AC79DC0ACCC}.Ad-Hoc|x64.ActiveCfg = Debug|Any CPU
		{97DD7E9C-A534-4F21-964F-1AC79DC0ACCC}.Ad-Hoc|x64.Build.0 = Debug|Any CPU
		{97DD7E9C-A534-4F21-964F-1AC79DC0ACCC}.Ad-Hoc|x86.ActiveCfg = Debug|Any CPU
		{97DD7E9C-A534-4F21-964F-1AC79DC0ACCC}.Ad-Hoc|x86.Build.0 = Debug|Any CPU
		{97DD7E9C-A534-4F21-964F-1AC79DC0ACCC}.AppStore|Any CPU.ActiveCfg = Debug|Any CPU
		{97DD7E9C-A534-4F21-964F-1AC79DC0ACCC}.AppStore|Any CPU.Build.0 = Debug|Any CPU
		{97DD7E9C-A534-4F21-964F-1AC79DC0ACCC}.AppStore|ARM.ActiveCfg = Debug|Any CPU
		{97DD7E9C-A534-4F21-964F-1AC79DC0ACCC}.AppStore|ARM.Build.0 = Debug|Any CPU
		{97DD7E9C-A534-4F21-964F-1AC79DC0ACCC}.AppStore|iPhone.ActiveCfg = Debug|Any CPU
		{97DD7E9C-A534-4F21-964F-1AC79DC0ACCC}.AppStore|iPhone.Build.0 = Debug|Any CPU
		{97DD7E9C-A534-4F21-964F-1AC79DC0ACCC}.AppStore|iPhoneSimulator.ActiveCfg = Debug|Any CPU
		{97DD7E9C-A534-4F21-964F-1AC79DC0ACCC}.AppStore|iPhoneSimulator.Build.0 = Debug|Any CPU
		{97DD7E9C-A534-4F21-964F-1AC79DC0ACCC}.AppStore|x64.ActiveCfg = Debug|Any CPU
		{97DD7E9C-A534-4F21-964F-1AC79DC0ACCC}.AppStore|x64.Build.0 = Debug|Any CPU
		{97DD7E9C-A534-4F21-964F-1AC79DC0ACCC}.AppStore|x86.ActiveCfg = Debug|Any CPU
		{97DD7E9C-A534-4F21-964F-1AC79DC0ACCC}.AppStore|x86.Build.0 = Debug|Any CPU
		{97DD7E9C-A534-4F21-964F-1AC79DC0ACCC}.Debug|Any CPU.ActiveCfg = Debug|Any CPU
		{97DD7E9C-A534-4F21-964F-1AC79DC0ACCC}.Debug|Any CPU.Build.0 = Debug|Any CPU
		{97DD7E9C-A534-4F21-964F-1AC79DC0ACCC}.Debug|ARM.ActiveCfg = Debug|Any CPU
		{97DD7E9C-A534-4F21-964F-1AC79DC0ACCC}.Debug|ARM.Build.0 = Debug|Any CPU
		{97DD7E9C-A534-4F21-964F-1AC79DC0ACCC}.Debug|iPhone.ActiveCfg = Debug|Any CPU
		{97DD7E9C-A534-4F21-964F-1AC79DC0ACCC}.Debug|iPhone.Build.0 = Debug|Any CPU
		{97DD7E9C-A534-4F21-964F-1AC79DC0ACCC}.Debug|iPhoneSimulator.ActiveCfg = Debug|Any CPU
		{97DD7E9C-A534-4F21-964F-1AC79DC0ACCC}.Debug|iPhoneSimulator.Build.0 = Debug|Any CPU
		{97DD7E9C-A534-4F21-964F-1AC79DC0ACCC}.Debug|x64.ActiveCfg = Debug|Any CPU
		{97DD7E9C-A534-4F21-964F-1AC79DC0ACCC}.Debug|x64.Build.0 = Debug|Any CPU
		{97DD7E9C-A534-4F21-964F-1AC79DC0ACCC}.Debug|x86.ActiveCfg = Debug|Any CPU
		{97DD7E9C-A534-4F21-964F-1AC79DC0ACCC}.Debug|x86.Build.0 = Debug|Any CPU
		{97DD7E9C-A534-4F21-964F-1AC79DC0ACCC}.Release|Any CPU.ActiveCfg = Release|Any CPU
		{97DD7E9C-A534-4F21-964F-1AC79DC0ACCC}.Release|Any CPU.Build.0 = Release|Any CPU
		{97DD7E9C-A534-4F21-964F-1AC79DC0ACCC}.Release|ARM.ActiveCfg = Release|Any CPU
		{97DD7E9C-A534-4F21-964F-1AC79DC0ACCC}.Release|ARM.Build.0 = Release|Any CPU
		{97DD7E9C-A534-4F21-964F-1AC79DC0ACCC}.Release|iPhone.ActiveCfg = Release|Any CPU
		{97DD7E9C-A534-4F21-964F-1AC79DC0ACCC}.Release|iPhone.Build.0 = Release|Any CPU
		{97DD7E9C-A534-4F21-964F-1AC79DC0ACCC}.Release|iPhoneSimulator.ActiveCfg = Release|Any CPU
		{97DD7E9C-A534-4F21-964F-1AC79DC0ACCC}.Release|iPhoneSimulator.Build.0 = Release|Any CPU
		{97DD7E9C-A534-4F21-964F-1AC79DC0ACCC}.Release|x64.ActiveCfg = Release|Any CPU
		{97DD7E9C-A534-4F21-964F-1AC79DC0ACCC}.Release|x64.Build.0 = Release|Any CPU
		{97DD7E9C-A534-4F21-964F-1AC79DC0ACCC}.Release|x86.ActiveCfg = Release|Any CPU
		{97DD7E9C-A534-4F21-964F-1AC79DC0ACCC}.Release|x86.Build.0 = Release|Any CPU
	EndGlobalSection
	GlobalSection(SolutionProperties) = preSolution
		HideSolutionNode = FALSE
	EndGlobalSection
	GlobalSection(ExtensibilityGlobals) = postSolution
		SolutionGuid = {7E2E857E-6048-41DC-B28C-7B16085CEF8D}
	EndGlobalSection
EndGlobal
